
Microsoft Visual Studio Solution File, Format Version 12.00
# Visual Studio Version 17
VisualStudioVersion = 17.9.34728.123
MinimumVisualStudioVersion = 10.0.40219.1
Project("{FAE04EC0-301F-11D3-BF4B-00C04F79EFBC}") = "Lib2", "Lib2.csproj", "{860D29BB-79AD-4156-8BFE-DDD1534A9ED4}"
EndProject
Global
	GlobalSection(SolutionConfigurationPlatforms) = preSolution
		Debug|Any CPU = Debug|Any CPU
		Release|Any CPU = Release|Any CPU
	EndGlobalSection
	GlobalSection(ProjectConfigurationPlatforms) = postSolution
		{860D29BB-79AD-4156-8BFE-DDD1534A9ED4}.Debug|Any CPU.ActiveCfg = Debug|Any CPU
		{860D29BB-79AD-4156-8BFE-DDD1534A9ED4}.Debug|Any CPU.Build.0 = Debug|Any CPU
		{860D29BB-79AD-4156-8BFE-DDD1534A9ED4}.Release|Any CPU.ActiveCfg = Release|Any CPU
		{860D29BB-79AD-4156-8BFE-DDD1534A9ED4}.Release|Any CPU.Build.0 = Release|Any CPU
	EndGlobalSection
	GlobalSection(SolutionProperties) = preSolution
		HideSolutionNode = FALSE
	EndGlobalSection
	GlobalSection(ExtensibilityGlobals) = postSolution
		SolutionGuid = {AEC83E5D-4F7C-439D-9959-CED5143BCC3A}
	EndGlobalSection
EndGlobal
